dependencies:
- name: postgresql
  repository: oci://registry-1.docker.io/bitnamicharts
  version: 16.7.27
- name: meilisearch
  repository: https://meilisearch.github.io/meilisearch-kubernetes
  version: 0.17.1
digest: sha256:ad702e35f258fed1f804d3e48b071767499f5730e099a8c461610950e5182368
generated: "2025-09-21T04:49:08.679554149+02:00"
