dependencies:
- name: postgresql
  repository: oci://registry-1.docker.io/bitnamicharts
  version: 16.7.27
- name: meilisearch
  repository: https://meilisearch.github.io/meilisearch-kubernetes
  version: 0.26.0
digest: sha256:7182bad3df032b3cb21a793ea6b027eaa96e142ff207b607b62df974bc82de90
generated: "2026-03-09T03:39:04.820136+07:00"
